{
  "name": "asp.net",
  "version": "0.0.0",
  "lockfileVersion": 3,
  "requires": true,
  "packages": {
    "": {
      "name": "asp.net",
      "version": "0.0.0",
      "dependencies": {
        "@types/bootstrap": "^5.2.10",
        "bootstrap": "^5.3.3",
        "htmlrapier": "^28.0.0",
        "htmlrapier.accesstoken": "^2.0.0",
        "htmlrapier.bootstrap": "^11.0.0",
        "htmlrapier.bootstrap.datetime": "^7.0.1",
        "htmlrapier.form.bootstrap": "^5.1.0",
        "htmlrapier.halcyon": "^11.0.0",
        "htmlrapier.halcyon-explorer": "^9.0.0",
        "htmlrapier.relogin": "^5.0.0",
        "htmlrapier.roleclient": "^5.0.0",
        "htmlrapier.widgets": "^16.0.0",
        "jsns": "^5.1.0",
        "threax.bootstrap": "^2.0.1"
      }
    },
    "node_modules/@popperjs/core": {
      "version": "2.11.8",
      "resolved": "https://registry.npmjs.org/@popperjs/core/-/core-2.11.8.tgz",
      "integrity": "sha512-P1st0aksCrn9sGZhp8GMYwBnQsbvAWsZAX44oXNNvLHGqAOcoVxmjZiohstwQ7SqKnbR47akdNi+uleWD8+g6A==",
      "funding": {
        "type": "opencollective",
        "url": "https://opencollective.com/popperjs"
      }
    },
    "node_modules/@types/bootstrap": {
      "version": "5.2.10",
      "resolved": "https://registry.npmjs.org/@types/bootstrap/-/bootstrap-5.2.10.tgz",
      "integrity": "sha512-F2X+cd6551tep0MvVZ6nM8v7XgGN/twpdNDjqS1TUM7YFNEtQYWk+dKAnH+T1gr6QgCoGMPl487xw/9hXooa2g==",
      "dependencies": {
        "@popperjs/core": "^2.9.2"
      }
    },
    "node_modules/bootstrap": {
      "version": "5.3.3",
      "resolved": "https://registry.npmjs.org/bootstrap/-/bootstrap-5.3.3.tgz",
      "integrity": "sha512-8HLCdWgyoMguSO9o+aH+iuZ+aht+mzW0u3HIMzVu7Srrpv7EBBxTnrFlSCskwdY1+EOFQSm7uMJhNQHkdPcmjg==",
      "funding": [
        {
          "type": "github",
          "url": "https://github.com/sponsors/twbs"
        },
        {
          "type": "opencollective",
          "url": "https://opencollective.com/bootstrap"
        }
      ],
      "peerDependencies": {
        "@popperjs/core": "^2.11.8"
      }
    },
    "node_modules/htmlrapier": {
      "version": "28.0.0",
      "resolved": "https://registry.npmjs.org/htmlrapier/-/htmlrapier-28.0.0.tgz",
      "integrity": "sha512-8dbq3OhB91Bi1DkTrcPetjRU9pF14bAXGpCcVPgs1v9aIaLlvRT6NnDxlP2retVMjVx7U3JPkJRpmIWsZ7bzEA==",
      "dependencies": {
        "tslib": ">=1.6.1"
      }
    },
    "node_modules/htmlrapier.accesstoken": {
      "version": "2.0.0",
      "resolved": "https://registry.npmjs.org/htmlrapier.accesstoken/-/htmlrapier.accesstoken-2.0.0.tgz",
      "integrity": "sha512-pRtan94lCjwsaIoo1vxsGvLFLIhb3SakMtxgi4RqeuxVb0WCVFP3sehwLcsoftDx3cpGTMA7mOECssm9ZOszMg==",
      "dependencies": {
        "htmlrapier": ">=25.0.0"
      }
    },
    "node_modules/htmlrapier.bootstrap": {
      "version": "11.0.0",
      "resolved": "https://registry.npmjs.org/htmlrapier.bootstrap/-/htmlrapier.bootstrap-11.0.0.tgz",
      "integrity": "sha512-dDjUktxqVVq6FxA0zw5O+hRVXYC9ag3HY/6Vp9c/viQ6yTmkvx1Ty5Xto8MARH50G+amaMBVXS7VQEW7eDd9lg==",
      "dependencies": {
        "htmlrapier": ">=25.0.0"
      }
    },
    "node_modules/htmlrapier.bootstrap.datetime": {
      "version": "7.0.1",
      "resolved": "https://registry.npmjs.org/htmlrapier.bootstrap.datetime/-/htmlrapier.bootstrap.datetime-7.0.1.tgz",
      "integrity": "sha512-BCLvE+sin5XHiXBXK7fa01W3aKSlBinOYLsJu6AUU3xMiuS/WOcNE5RxtjwwWyHKMWddTLsJq671cgIIrgIJOA==",
      "dependencies": {
        "bootstrap": ">=5.0.0",
        "htmlrapier": ">=25.0.0",
        "htmlrapier.bootstrap": ">=10.0.0",
        "moment": "^2.30.1",
        "moment-timezone": "^0.5.45"
      }
    },
    "node_modules/htmlrapier.form.bootstrap": {
      "version": "5.1.0",
      "resolved": "https://registry.npmjs.org/htmlrapier.form.bootstrap/-/htmlrapier.form.bootstrap-5.1.0.tgz",
      "integrity": "sha512-nw+Dz9kJK3mnnepNyLv2AJR7SaJqhK4ywr69ZlHGhCLVxM4j0UZxdk0+Bxj/rplOOzNbhIHj4X462AMTrkkYNA==",
      "dependencies": {
        "bootstrap": ">=5.0.0",
        "htmlrapier": ">=25.0.0"
      }
    },
    "node_modules/htmlrapier.halcyon": {
      "version": "11.0.0",
      "resolved": "https://registry.npmjs.org/htmlrapier.halcyon/-/htmlrapier.halcyon-11.0.0.tgz",
      "integrity": "sha512-YcEuFiAMqzaNgqYkGYwFbxZZpCkgYjJcB7Zwr1OIn0ivVtVvf47MCTOxx4ARXjM1CSMVc2402Oe+xaYn8Jom9A==",
      "dependencies": {
        "htmlrapier": ">=25.0.0"
      }
    },
    "node_modules/htmlrapier.halcyon-explorer": {
      "version": "9.0.1",
      "resolved": "https://registry.npmjs.org/htmlrapier.halcyon-explorer/-/htmlrapier.halcyon-explorer-9.0.1.tgz",
      "integrity": "sha512-azCSpfsBIamRE3VGg3C+mBAxHIdxnf8rJgEvNhsVVpG3DilzxVxcwYSpp7eIt7o9satLWqMLkB0T8o2LDNi0Vw==",
      "dependencies": {
        "htmlrapier": ">=25.0.0",
        "htmlrapier.halcyon": ">=10.0.0"
      }
    },
    "node_modules/htmlrapier.relogin": {
      "version": "5.0.0",
      "resolved": "https://registry.npmjs.org/htmlrapier.relogin/-/htmlrapier.relogin-5.0.0.tgz",
      "integrity": "sha512-QNo/5oHIrF3lejj/6xKcuMXE+WTmu9sCneXtLA0SJj8OulLtmmYM+6e6K8Arcmvg600z+q9DsWfBKJKvfMlMtQ==",
      "dependencies": {
        "htmlrapier": ">=25.0.0",
        "htmlrapier.accesstoken": ">=2.0.0"
      }
    },
    "node_modules/htmlrapier.roleclient": {
      "version": "5.0.1",
      "resolved": "https://registry.npmjs.org/htmlrapier.roleclient/-/htmlrapier.roleclient-5.0.1.tgz",
      "integrity": "sha512-yBE54C0y4T/3kb8elQNNlOfWMKq64iPOZEtxQabL1E1SaaNMfNXP6oprVlt3QNAOmSgZ1U2pewKf0c17Hm+9PQ==",
      "dependencies": {
        "htmlrapier.halcyon": "^10.0.0",
        "htmlrapier.widgets": "^16.0.0"
      }
    },
    "node_modules/htmlrapier.roleclient/node_modules/htmlrapier.halcyon": {
      "version": "10.0.0",
      "resolved": "https://registry.npmjs.org/htmlrapier.halcyon/-/htmlrapier.halcyon-10.0.0.tgz",
      "integrity": "sha512-9DQuDyVinIx939+lQq4GX6IMIOnVgv28RxrS8o+KvGQr1Dd15mU2va6Ckfr3e1WmKn9tX3lrYOUnuQWqeg2YzA==",
      "dependencies": {
        "htmlrapier": ">=25.0.0"
      }
    },
    "node_modules/htmlrapier.widgets": {
      "version": "16.2.1",
      "resolved": "https://registry.npmjs.org/htmlrapier.widgets/-/htmlrapier.widgets-16.2.1.tgz",
      "integrity": "sha512-4lu5B1TRFJLtJZ73Gakpg8eBDh2kHFrkb2VnUsVaWp3TYskDlpCzKYvJPF92Q0+VcoYkrIQbGi+3f3ErjBBkrw==",
      "dependencies": {
        "htmlrapier": ">=25.0.0",
        "htmlrapier.halcyon": ">=10.0.0"
      }
    },
    "node_modules/jsns": {
      "version": "5.1.0",
      "resolved": "https://registry.npmjs.org/jsns/-/jsns-5.1.0.tgz",
      "integrity": "sha512-0Z0gpEMpY0iniqlVssEHCFDhM+IcoFuAjPzToAp4w+JB/3+XhEOeaWuIBewBDsUcA6DTE/RJY0N1wZIpd3N+qA=="
    },
    "node_modules/moment": {
      "version": "2.30.1",
      "resolved": "https://registry.npmjs.org/moment/-/moment-2.30.1.tgz",
      "integrity": "sha512-uEmtNhbDOrWPFS+hdjFCBfy9f2YoyzRpwcl+DqpC6taX21FzsTLQVbMV/W7PzNSX6x/bhC1zA3c2UQ5NzH6how==",
      "engines": {
        "node": "*"
      }
    },
    "node_modules/moment-timezone": {
      "version": "0.5.45",
      "resolved": "https://registry.npmjs.org/moment-timezone/-/moment-timezone-0.5.45.tgz",
      "integrity": "sha512-HIWmqA86KcmCAhnMAN0wuDOARV/525R2+lOLotuGFzn4HO+FH+/645z2wx0Dt3iDv6/p61SIvKnDstISainhLQ==",
      "dependencies": {
        "moment": "^2.29.4"
      },
      "engines": {
        "node": "*"
      }
    },
    "node_modules/threax.bootstrap": {
      "version": "2.0.1",
      "resolved": "https://registry.npmjs.org/threax.bootstrap/-/threax.bootstrap-2.0.1.tgz",
      "integrity": "sha512-nWh9q6ZQqa6xMPEj0HCXbmSpFWWSTxu5fMzPQzs1UmhSpnSPZBUmKfQPOrQG1CH4F/dd17GqN7paaJacGUKo4w==",
      "dependencies": {
        "bootstrap": ">=5.0.0"
      }
    },
    "node_modules/tslib": {
      "version": "2.6.3",
      "resolved": "https://registry.npmjs.org/tslib/-/tslib-2.6.3.tgz",
      "integrity": "sha512-xNvxJEOUiWPGhUuUdQgAJPKOOJfGnIyKySOc09XkKsgdUV/3E2zvwZYdejjmRgPCgcym1juLH3226yA7sEFJKQ=="
    }
  }
}
