{
  "name": "asp.net",
  "version": "0.0.0",
  "lockfileVersion": 2,
  "requires": true,
  "packages": {
    "": {
      "name": "asp.net",
      "version": "0.0.0",
      "dependencies": {
        "bootstrap": "^4.5.0",
        "htmlrapier": "^25.0.0",
        "htmlrapier.accesstoken": "^2.0.0",
        "htmlrapier.bootstrap": "^9.0.0",
        "htmlrapier.bootstrap.datetime": "^5.0.0",
        "htmlrapier.form.bootstrap4": "^4.0.0",
        "htmlrapier.halcyon": "^10.0.0",
        "htmlrapier.halcyon-explorer": "^9.0.0",
        "htmlrapier.relogin": "^5.0.0",
        "htmlrapier.roleclient": "^5.0.0",
        "htmlrapier.widgets": "^16.0.0",
        "jquery": "^3.5.1",
        "jsns": "^5.1.0",
        "threax.bootstrap4": "^0.0.3"
      }
    },
    "node_modules/bootstrap": {
      "version": "4.5.0",
      "resolved": "https://registry.npmjs.org/bootstrap/-/bootstrap-4.5.0.tgz",
      "integrity": "sha512-Z93QoXvodoVslA+PWNdk23Hze4RBYIkpb5h8I2HY2Tu2h7A0LpAgLcyrhrSUyo2/Oxm2l1fRZPs1e5hnxnliXA==",
      "funding": {
        "type": "opencollective",
        "url": "https://opencollective.com/bootstrap"
      },
      "peerDependencies": {
        "jquery": "1.9.1 - 3",
        "popper.js": "^1.16.0"
      }
    },
    "node_modules/htmlrapier": {
      "version": "25.0.0",
      "resolved": "https://registry.npmjs.org/htmlrapier/-/htmlrapier-25.0.0.tgz",
      "integrity": "sha512-4+lJmI2WVxEPAZd4RKE9Dv8ycYqBcHbuLxhRzVx05X0ucKI/hRsMWCoA4Xxvue7q5IH5NlH4w8GKfk3FZ6vgvg==",
      "dependencies": {
        "tslib": ">=1.6.1"
      }
    },
    "node_modules/htmlrapier.accesstoken": {
      "version": "2.0.0",
      "resolved": "https://registry.npmjs.org/htmlrapier.accesstoken/-/htmlrapier.accesstoken-2.0.0.tgz",
      "integrity": "sha512-pRtan94lCjwsaIoo1vxsGvLFLIhb3SakMtxgi4RqeuxVb0WCVFP3sehwLcsoftDx3cpGTMA7mOECssm9ZOszMg==",
      "dependencies": {
        "htmlrapier": ">=25.0.0"
      }
    },
    "node_modules/htmlrapier.bootstrap": {
      "version": "9.0.0",
      "resolved": "https://registry.npmjs.org/htmlrapier.bootstrap/-/htmlrapier.bootstrap-9.0.0.tgz",
      "integrity": "sha512-UdkLBFXANugE7ejI9AVh5QNjDiKbTx2i8qCb6v7sAz0zeuF+u47Cv07LNiH51fnwUw/Ufgm7LTnxQWAca9xW0w==",
      "dependencies": {
        "htmlrapier": ">=25.0.0"
      }
    },
    "node_modules/htmlrapier.bootstrap.datetime": {
      "version": "5.0.0",
      "resolved": "https://registry.npmjs.org/htmlrapier.bootstrap.datetime/-/htmlrapier.bootstrap.datetime-5.0.0.tgz",
      "integrity": "sha512-tmi+q5o1VCLs9GsY0DhqZ1u4hTr1sYCBrdOZkWZwkYRtVLwZbX3ZTjEzERyyfJlLYJZEbtYrF0fI3oxgp3yEPQ==",
      "dependencies": {
        "bootstrap": ">=3.3.7",
        "htmlrapier": ">=25.0.0",
        "htmlrapier.bootstrap": ">=9.0.0",
        "moment": "^2.24.0",
        "moment-timezone": "^0.5.23"
      }
    },
    "node_modules/htmlrapier.form.bootstrap4": {
      "version": "4.0.0",
      "resolved": "https://registry.npmjs.org/htmlrapier.form.bootstrap4/-/htmlrapier.form.bootstrap4-4.0.0.tgz",
      "integrity": "sha512-V9/D1tiWQIsq8GtupiozJ2Ip2NosUVd2OETPtzBpAloAVnHkINBgT3Lxhz+QgbmDnN8Mr9MIUFNPzk26kWW8XA==",
      "dependencies": {
        "bootstrap": ">=4.1.0",
        "htmlrapier": ">=25.0.0"
      }
    },
    "node_modules/htmlrapier.halcyon": {
      "version": "10.0.0",
      "resolved": "https://registry.npmjs.org/htmlrapier.halcyon/-/htmlrapier.halcyon-10.0.0.tgz",
      "integrity": "sha512-9DQuDyVinIx939+lQq4GX6IMIOnVgv28RxrS8o+KvGQr1Dd15mU2va6Ckfr3e1WmKn9tX3lrYOUnuQWqeg2YzA==",
      "dependencies": {
        "htmlrapier": ">=25.0.0"
      }
    },
    "node_modules/htmlrapier.halcyon-explorer": {
      "version": "9.0.0",
      "resolved": "https://registry.npmjs.org/htmlrapier.halcyon-explorer/-/htmlrapier.halcyon-explorer-9.0.0.tgz",
      "integrity": "sha512-nh4DTIQ+HZpLKPDkyBQdLMCNgkv8hc08yLx+5B/6A6YySGaPsTdjV/Lr2Uyctn0ThnvAguyUbqmPr2gR9qAX3Q==",
      "dependencies": {
        "htmlrapier": ">=25.0.0",
        "htmlrapier.halcyon": ">=10.0.0"
      }
    },
    "node_modules/htmlrapier.relogin": {
      "version": "5.0.0",
      "resolved": "https://registry.npmjs.org/htmlrapier.relogin/-/htmlrapier.relogin-5.0.0.tgz",
      "integrity": "sha512-QNo/5oHIrF3lejj/6xKcuMXE+WTmu9sCneXtLA0SJj8OulLtmmYM+6e6K8Arcmvg600z+q9DsWfBKJKvfMlMtQ==",
      "dependencies": {
        "htmlrapier": ">=25.0.0",
        "htmlrapier.accesstoken": ">=2.0.0"
      }
    },
    "node_modules/htmlrapier.roleclient": {
      "version": "5.0.0",
      "resolved": "https://registry.npmjs.org/htmlrapier.roleclient/-/htmlrapier.roleclient-5.0.0.tgz",
      "integrity": "sha512-e/sxMa/Z1OZxlXVzLwbwwex20ufPNnPThO0QXzYtepH64HBMbeaBHqN0AvETwWFSELj3hmdWfddZp94CQRhRZQ==",
      "dependencies": {
        "htmlrapier.halcyon": "^10.0.0",
        "htmlrapier.widgets": "^16.0.0"
      }
    },
    "node_modules/htmlrapier.widgets": {
      "version": "16.0.0",
      "resolved": "https://registry.npmjs.org/htmlrapier.widgets/-/htmlrapier.widgets-16.0.0.tgz",
      "integrity": "sha512-qjjkRrjnxjm4u0JaljZMrEheiS01noOAvxd2A5jYMA3YsujtnGGLxTqMt6FddKFWOajKmn9olrFpuccP8927Lg==",
      "dependencies": {
        "htmlrapier": ">=25.0.0",
        "htmlrapier.halcyon": ">=10.0.0"
      }
    },
    "node_modules/jquery": {
      "version": "3.5.1",
      "resolved": "https://registry.npmjs.org/jquery/-/jquery-3.5.1.tgz",
      "integrity": "sha512-XwIBPqcMn57FxfT+Go5pzySnm4KWkT1Tv7gjrpT1srtf8Weynl6R273VJ5GjkRb51IzMp5nbaPjJXMWeju2MKg=="
    },
    "node_modules/jsns": {
      "version": "5.1.0",
      "resolved": "https://registry.npmjs.org/jsns/-/jsns-5.1.0.tgz",
      "integrity": "sha512-0Z0gpEMpY0iniqlVssEHCFDhM+IcoFuAjPzToAp4w+JB/3+XhEOeaWuIBewBDsUcA6DTE/RJY0N1wZIpd3N+qA=="
    },
    "node_modules/moment": {
      "version": "2.29.1",
      "resolved": "https://registry.npmjs.org/moment/-/moment-2.29.1.tgz",
      "integrity": "sha512-kHmoybcPV8Sqy59DwNDY3Jefr64lK/by/da0ViFcuA4DH0vQg5Q6Ze5VimxkfQNSC+Mls/Kx53s7TjP1RhFEDQ==",
      "engines": {
        "node": "*"
      }
    },
    "node_modules/moment-timezone": {
      "version": "0.5.37",
      "resolved": "https://registry.npmjs.org/moment-timezone/-/moment-timezone-0.5.37.tgz",
      "integrity": "sha512-uEDzDNFhfaywRl+vwXxffjjq1q0Vzr+fcQpQ1bU0kbzorfS7zVtZnCnGc8mhWmF39d4g4YriF6kwA75mJKE/Zg==",
      "dependencies": {
        "moment": ">= 2.9.0"
      },
      "engines": {
        "node": "*"
      }
    },
    "node_modules/popper.js": {
      "version": "1.16.1",
      "resolved": "https://registry.npmjs.org/popper.js/-/popper.js-1.16.1.tgz",
      "integrity": "sha512-Wb4p1J4zyFTbM+u6WuO4XstYx4Ky9Cewe4DWrel7B0w6VVICvPwdOpotjzcf6eD8TsckVnIMNONQyPIUFOUbCQ==",
      "deprecated": "You can find the new Popper v2 at @popperjs/core, this package is dedicated to the legacy v1",
      "peer": true,
      "funding": {
        "type": "opencollective",
        "url": "https://opencollective.com/popperjs"
      }
    },
    "node_modules/threax.bootstrap4": {
      "version": "0.0.3",
      "resolved": "https://registry.npmjs.org/threax.bootstrap4/-/threax.bootstrap4-0.0.3.tgz",
      "integrity": "sha512-m0Sgak1rOIRzUdFAurVYTrmpXWsDDx7Y4SlOzwpwlDhgq1/Mp8nRVrhxJC0A7odXovrgy/FhiMNeYLMwiBMMhA==",
      "dependencies": {
        "bootstrap": ">=4.2.1"
      }
    },
    "node_modules/tslib": {
      "version": "2.3.0",
      "resolved": "https://registry.npmjs.org/tslib/-/tslib-2.3.0.tgz",
      "integrity": "sha512-N82ooyxVNm6h1riLCoyS9e3fuJ3AMG2zIZs2Gd1ATcSFjSA23Q0fzjjZeh0jbJvWVDZ0cJT8yaNNaaXHzueNjg=="
    }
  },
  "dependencies": {
    "bootstrap": {
      "version": "4.5.0",
      "resolved": "https://registry.npmjs.org/bootstrap/-/bootstrap-4.5.0.tgz",
      "integrity": "sha512-Z93QoXvodoVslA+PWNdk23Hze4RBYIkpb5h8I2HY2Tu2h7A0LpAgLcyrhrSUyo2/Oxm2l1fRZPs1e5hnxnliXA==",
      "requires": {}
    },
    "htmlrapier": {
      "version": "25.0.0",
      "resolved": "https://registry.npmjs.org/htmlrapier/-/htmlrapier-25.0.0.tgz",
      "integrity": "sha512-4+lJmI2WVxEPAZd4RKE9Dv8ycYqBcHbuLxhRzVx05X0ucKI/hRsMWCoA4Xxvue7q5IH5NlH4w8GKfk3FZ6vgvg==",
      "requires": {
        "tslib": ">=1.6.1"
      }
    },
    "htmlrapier.accesstoken": {
      "version": "2.0.0",
      "resolved": "https://registry.npmjs.org/htmlrapier.accesstoken/-/htmlrapier.accesstoken-2.0.0.tgz",
      "integrity": "sha512-pRtan94lCjwsaIoo1vxsGvLFLIhb3SakMtxgi4RqeuxVb0WCVFP3sehwLcsoftDx3cpGTMA7mOECssm9ZOszMg==",
      "requires": {
        "htmlrapier": ">=25.0.0"
      }
    },
    "htmlrapier.bootstrap": {
      "version": "9.0.0",
      "resolved": "https://registry.npmjs.org/htmlrapier.bootstrap/-/htmlrapier.bootstrap-9.0.0.tgz",
      "integrity": "sha512-UdkLBFXANugE7ejI9AVh5QNjDiKbTx2i8qCb6v7sAz0zeuF+u47Cv07LNiH51fnwUw/Ufgm7LTnxQWAca9xW0w==",
      "requires": {
        "htmlrapier": ">=25.0.0"
      }
    },
    "htmlrapier.bootstrap.datetime": {
      "version": "5.0.0",
      "resolved": "https://registry.npmjs.org/htmlrapier.bootstrap.datetime/-/htmlrapier.bootstrap.datetime-5.0.0.tgz",
      "integrity": "sha512-tmi+q5o1VCLs9GsY0DhqZ1u4hTr1sYCBrdOZkWZwkYRtVLwZbX3ZTjEzERyyfJlLYJZEbtYrF0fI3oxgp3yEPQ==",
      "requires": {
        "bootstrap": ">=3.3.7",
        "htmlrapier": ">=25.0.0",
        "htmlrapier.bootstrap": ">=9.0.0",
        "moment": "^2.24.0",
        "moment-timezone": "^0.5.23"
      }
    },
    "htmlrapier.form.bootstrap4": {
      "version": "4.0.0",
      "resolved": "https://registry.npmjs.org/htmlrapier.form.bootstrap4/-/htmlrapier.form.bootstrap4-4.0.0.tgz",
      "integrity": "sha512-V9/D1tiWQIsq8GtupiozJ2Ip2NosUVd2OETPtzBpAloAVnHkINBgT3Lxhz+QgbmDnN8Mr9MIUFNPzk26kWW8XA==",
      "requires": {
        "bootstrap": ">=4.1.0",
        "htmlrapier": ">=25.0.0"
      }
    },
    "htmlrapier.halcyon": {
      "version": "10.0.0",
      "resolved": "https://registry.npmjs.org/htmlrapier.halcyon/-/htmlrapier.halcyon-10.0.0.tgz",
      "integrity": "sha512-9DQuDyVinIx939+lQq4GX6IMIOnVgv28RxrS8o+KvGQr1Dd15mU2va6Ckfr3e1WmKn9tX3lrYOUnuQWqeg2YzA==",
      "requires": {
        "htmlrapier": ">=25.0.0"
      }
    },
    "htmlrapier.halcyon-explorer": {
      "version": "9.0.0",
      "resolved": "https://registry.npmjs.org/htmlrapier.halcyon-explorer/-/htmlrapier.halcyon-explorer-9.0.0.tgz",
      "integrity": "sha512-nh4DTIQ+HZpLKPDkyBQdLMCNgkv8hc08yLx+5B/6A6YySGaPsTdjV/Lr2Uyctn0ThnvAguyUbqmPr2gR9qAX3Q==",
      "requires": {
        "htmlrapier": ">=25.0.0",
        "htmlrapier.halcyon": ">=10.0.0"
      }
    },
    "htmlrapier.relogin": {
      "version": "5.0.0",
      "resolved": "https://registry.npmjs.org/htmlrapier.relogin/-/htmlrapier.relogin-5.0.0.tgz",
      "integrity": "sha512-QNo/5oHIrF3lejj/6xKcuMXE+WTmu9sCneXtLA0SJj8OulLtmmYM+6e6K8Arcmvg600z+q9DsWfBKJKvfMlMtQ==",
      "requires": {
        "htmlrapier": ">=25.0.0",
        "htmlrapier.accesstoken": ">=2.0.0"
      }
    },
    "htmlrapier.roleclient": {
      "version": "5.0.0",
      "resolved": "https://registry.npmjs.org/htmlrapier.roleclient/-/htmlrapier.roleclient-5.0.0.tgz",
      "integrity": "sha512-e/sxMa/Z1OZxlXVzLwbwwex20ufPNnPThO0QXzYtepH64HBMbeaBHqN0AvETwWFSELj3hmdWfddZp94CQRhRZQ==",
      "requires": {
        "htmlrapier.halcyon": "^10.0.0",
        "htmlrapier.widgets": "^16.0.0"
      }
    },
    "htmlrapier.widgets": {
      "version": "16.0.0",
      "resolved": "https://registry.npmjs.org/htmlrapier.widgets/-/htmlrapier.widgets-16.0.0.tgz",
      "integrity": "sha512-qjjkRrjnxjm4u0JaljZMrEheiS01noOAvxd2A5jYMA3YsujtnGGLxTqMt6FddKFWOajKmn9olrFpuccP8927Lg==",
      "requires": {
        "htmlrapier": ">=25.0.0",
        "htmlrapier.halcyon": ">=10.0.0"
      }
    },
    "jquery": {
      "version": "3.5.1",
      "resolved": "https://registry.npmjs.org/jquery/-/jquery-3.5.1.tgz",
      "integrity": "sha512-XwIBPqcMn57FxfT+Go5pzySnm4KWkT1Tv7gjrpT1srtf8Weynl6R273VJ5GjkRb51IzMp5nbaPjJXMWeju2MKg=="
    },
    "jsns": {
      "version": "5.1.0",
      "resolved": "https://registry.npmjs.org/jsns/-/jsns-5.1.0.tgz",
      "integrity": "sha512-0Z0gpEMpY0iniqlVssEHCFDhM+IcoFuAjPzToAp4w+JB/3+XhEOeaWuIBewBDsUcA6DTE/RJY0N1wZIpd3N+qA=="
    },
    "moment": {
      "version": "2.29.1",
      "resolved": "https://registry.npmjs.org/moment/-/moment-2.29.1.tgz",
      "integrity": "sha512-kHmoybcPV8Sqy59DwNDY3Jefr64lK/by/da0ViFcuA4DH0vQg5Q6Ze5VimxkfQNSC+Mls/Kx53s7TjP1RhFEDQ=="
    },
    "moment-timezone": {
      "version": "0.5.37",
      "resolved": "https://registry.npmjs.org/moment-timezone/-/moment-timezone-0.5.37.tgz",
      "integrity": "sha512-uEDzDNFhfaywRl+vwXxffjjq1q0Vzr+fcQpQ1bU0kbzorfS7zVtZnCnGc8mhWmF39d4g4YriF6kwA75mJKE/Zg==",
      "requires": {
        "moment": ">= 2.9.0"
      }
    },
    "popper.js": {
      "version": "1.16.1",
      "resolved": "https://registry.npmjs.org/popper.js/-/popper.js-1.16.1.tgz",
      "integrity": "sha512-Wb4p1J4zyFTbM+u6WuO4XstYx4Ky9Cewe4DWrel7B0w6VVICvPwdOpotjzcf6eD8TsckVnIMNONQyPIUFOUbCQ==",
      "peer": true
    },
    "threax.bootstrap4": {
      "version": "0.0.3",
      "resolved": "https://registry.npmjs.org/threax.bootstrap4/-/threax.bootstrap4-0.0.3.tgz",
      "integrity": "sha512-m0Sgak1rOIRzUdFAurVYTrmpXWsDDx7Y4SlOzwpwlDhgq1/Mp8nRVrhxJC0A7odXovrgy/FhiMNeYLMwiBMMhA==",
      "requires": {
        "bootstrap": ">=4.2.1"
      }
    },
    "tslib": {
      "version": "2.3.0",
      "resolved": "https://registry.npmjs.org/tslib/-/tslib-2.3.0.tgz",
      "integrity": "sha512-N82ooyxVNm6h1riLCoyS9e3fuJ3AMG2zIZs2Gd1ATcSFjSA23Q0fzjjZeh0jbJvWVDZ0cJT8yaNNaaXHzueNjg=="
    }
  }
}
