{
  "name": "asp.net",
  "version": "0.0.0",
  "lockfileVersion": 1,
  "requires": true,
  "dependencies": {
    "bootstrap": {
      "version": "4.5.0",
      "resolved": "https://registry.npmjs.org/bootstrap/-/bootstrap-4.5.0.tgz",
      "integrity": "sha512-Z93QoXvodoVslA+PWNdk23Hze4RBYIkpb5h8I2HY2Tu2h7A0LpAgLcyrhrSUyo2/Oxm2l1fRZPs1e5hnxnliXA=="
    },
    "htmlrapier": {
      "version": "24.0.1",
      "resolved": "https://registry.npmjs.org/htmlrapier/-/htmlrapier-24.0.1.tgz",
      "integrity": "sha512-qwKehg2cO836gfS2mmkK91hmEQn/Wq/2lyFQ48tSMkwlwsOCeFjaHWKeLE9DvUvkvA7973W6I9QTn/cTZtexWA==",
      "requires": {
        "tslib": ">=1.6.1"
      }
    },
    "htmlrapier.accesstoken": {
      "version": "1.0.0",
      "resolved": "https://registry.npmjs.org/htmlrapier.accesstoken/-/htmlrapier.accesstoken-1.0.0.tgz",
      "integrity": "sha512-mvXW/aAhQ92m2aFdgvfwoDv62hQ8hjHa9E2G0V/T5a7o+0OKWqqlWuEB2JCM0M1JYV0oaU7MhwZS1/18WOYwsA==",
      "requires": {
        "htmlrapier": ">=24.0.0"
      }
    },
    "htmlrapier.appmenu": {
      "version": "2.0.1",
      "resolved": "https://registry.npmjs.org/htmlrapier.appmenu/-/htmlrapier.appmenu-2.0.1.tgz",
      "integrity": "sha512-j6dQkuh9JbUdTRsimDHkAyfXerqOmqMlyqJ17voJd++FpjCjtgcNDMRMD7ir6wBscuB0F8aUNK0Qw4ZCxuSIxQ==",
      "requires": {
        "htmlrapier": ">=24.0.0",
        "htmlrapier.accesstoken": ">=1.0.0"
      }
    },
    "htmlrapier.bootstrap": {
      "version": "8.0.0",
      "resolved": "https://registry.npmjs.org/htmlrapier.bootstrap/-/htmlrapier.bootstrap-8.0.0.tgz",
      "integrity": "sha512-PQ00z1DuHNnczkorlNyxYNnBklSY7UCIKg4wmlJfr54gusSkNW7gU0scOu/abRvoMGNKVWFRZLn3ekUFFqtRwA==",
      "requires": {
        "bootstrap": ">=3.3.7",
        "htmlrapier": ">=8.1.0",
        "jquery": ">=3.5.0"
      }
    },
    "htmlrapier.bootstrap.datetime": {
      "version": "4.0.0",
      "resolved": "https://registry.npmjs.org/htmlrapier.bootstrap.datetime/-/htmlrapier.bootstrap.datetime-4.0.0.tgz",
      "integrity": "sha512-4mENk87BS2cZ1nPTEGDkxGMvcFPlNYoG/Og2+01CdfxLw+a6//FLUfXgeF85i2t/ChcA82s+XkqYdHsWxExyvA==",
      "requires": {
        "bootstrap": ">=3.3.7",
        "htmlrapier": ">=12.7.0",
        "htmlrapier.bootstrap": ">=7.1.0",
        "moment": "^2.24.0",
        "moment-timezone": "^0.5.23"
      }
    },
    "htmlrapier.form.bootstrap4": {
      "version": "3.0.1",
      "resolved": "https://registry.npmjs.org/htmlrapier.form.bootstrap4/-/htmlrapier.form.bootstrap4-3.0.1.tgz",
      "integrity": "sha512-IIpeXxeCTW6rPajhL8C8MJ4bI/e+t3zUnzrWnkU9aLc95wKmLqNRmtBb3NCxJqyfbyfg29r7M5ZLdkn3qlnu6w==",
      "requires": {
        "bootstrap": ">=4.1.0",
        "htmlrapier": ">=19.0.0"
      }
    },
    "htmlrapier.halcyon": {
      "version": "9.0.0",
      "resolved": "https://registry.npmjs.org/htmlrapier.halcyon/-/htmlrapier.halcyon-9.0.0.tgz",
      "integrity": "sha512-sKPKrHvJJKEWM9I6txvBbGQqSL47gBqa5o5nRFXN3L6T04ujoa8eyGfDSDpNjBjGJv4Ctn0QqZv9aXCHwCiYWg==",
      "requires": {
        "htmlrapier": ">=24.0.0"
      }
    },
    "htmlrapier.halcyon-explorer": {
      "version": "8.0.0",
      "resolved": "https://registry.npmjs.org/htmlrapier.halcyon-explorer/-/htmlrapier.halcyon-explorer-8.0.0.tgz",
      "integrity": "sha512-jDnEDkiABZOicNfxJbVqdSzMbduMvhjGR3ZPjovMsVHPzJsVYKvZE/IDobsjXxuJNKMbW70hL92W/a2KBRcSQQ==",
      "requires": {
        "htmlrapier": ">=14.0.0",
        "htmlrapier.halcyon": ">=7.0.0"
      }
    },
    "htmlrapier.relogin": {
      "version": "4.0.0",
      "resolved": "https://registry.npmjs.org/htmlrapier.relogin/-/htmlrapier.relogin-4.0.0.tgz",
      "integrity": "sha512-29+MugbBMjM19u3sRGrNmBcfN2AloiovWr+OALoVbpR562idtvXQCoY8aMDCROdyByt/Ygogtq4P0UELCD4jTQ==",
      "requires": {
        "htmlrapier": ">=24.0.0",
        "htmlrapier.accesstoken": ">=1.0.0"
      }
    },
    "htmlrapier.roleclient": {
      "version": "4.0.1",
      "resolved": "https://registry.npmjs.org/htmlrapier.roleclient/-/htmlrapier.roleclient-4.0.1.tgz",
      "integrity": "sha512-b4nuRxUT/EWy3wlh4Nby8oELVDoF+wgpDJ8gGnd8qtH307zCdq9X3PHEqpV/ymoZt4FmMxphkulOmPhbFZ7v4Q==",
      "requires": {
        "htmlrapier.halcyon": ">=7.0.0",
        "htmlrapier.widgets": ">=14.0.0",
        "jsns": ">=4.2.2"
      }
    },
    "htmlrapier.widgets": {
      "version": "15.12.0",
      "resolved": "https://registry.npmjs.org/htmlrapier.widgets/-/htmlrapier.widgets-15.12.0.tgz",
      "integrity": "sha512-/49Jmmzwk1e3uz55q+YH502uimxP0SGwC0+79KPmzSjf3p2Uw83iKQ9HvxMSoC2d2Talrs3LoOh66hOoZAu5uA==",
      "requires": {
        "htmlrapier": ">=14.3.0",
        "htmlrapier.halcyon": ">=7.0.0"
      }
    },
    "jquery": {
      "version": "3.5.1",
      "resolved": "https://registry.npmjs.org/jquery/-/jquery-3.5.1.tgz",
      "integrity": "sha512-XwIBPqcMn57FxfT+Go5pzySnm4KWkT1Tv7gjrpT1srtf8Weynl6R273VJ5GjkRb51IzMp5nbaPjJXMWeju2MKg=="
    },
    "jsns": {
      "version": "5.0.0",
      "resolved": "https://registry.npmjs.org/jsns/-/jsns-5.0.0.tgz",
      "integrity": "sha1-x2QpuCKmgQDu+NS40/EXKwKGZOQ="
    },
    "moment": {
      "version": "2.27.0",
      "resolved": "https://registry.npmjs.org/moment/-/moment-2.27.0.tgz",
      "integrity": "sha512-al0MUK7cpIcglMv3YF13qSgdAIqxHTO7brRtaz3DlSULbqfazqkc5kEjNrLDOM7fsjshoFIihnU8snrP7zUvhQ=="
    },
    "moment-timezone": {
      "version": "0.5.31",
      "resolved": "https://registry.npmjs.org/moment-timezone/-/moment-timezone-0.5.31.tgz",
      "integrity": "sha512-+GgHNg8xRhMXfEbv81iDtrVeTcWt0kWmTEY1XQK14dICTXnWJnT0dxdlPspwqF3keKMVPXwayEsk1DI0AA/jdA==",
      "requires": {
        "moment": ">= 2.9.0"
      }
    },
    "threax.bootstrap4": {
      "version": "0.0.3",
      "resolved": "https://registry.npmjs.org/threax.bootstrap4/-/threax.bootstrap4-0.0.3.tgz",
      "integrity": "sha512-m0Sgak1rOIRzUdFAurVYTrmpXWsDDx7Y4SlOzwpwlDhgq1/Mp8nRVrhxJC0A7odXovrgy/FhiMNeYLMwiBMMhA==",
      "requires": {
        "bootstrap": ">=4.2.1"
      }
    },
    "tslib": {
      "version": "2.0.0",
      "resolved": "https://registry.npmjs.org/tslib/-/tslib-2.0.0.tgz",
      "integrity": "sha512-lTqkx847PI7xEDYJntxZH89L2/aXInsyF2luSafe/+0fHOMjlBNXdH6th7f70qxLDhul7KZK0zC8V5ZIyHl0/g=="
    }
  }
}
